github.com/dschp/go-msgauth v0.0.0-20250719120914-f0b1d16bfb77 h1:IG3APFYU8zHxuRMh3ryUi1wtTWCLkpi/cjPdPae69oU=
github.com/dschp/go-msgauth v0.0.0-20250719120914-f0b1d16bfb77/go.mod h1:DgOdGY+0H6mVCqqbcyhC17C9FNlA4M3T4QH6bxtutAU=
github.com/emersion/go-msgauth v0.7.0/go.mod h1:mmS9I6HkSovrNgq0HNXTeu8l3sRAAuQ9RMvbM4KU7Ck=
github.com/poolpOrg/OpenSMTPD-framework v0.1.9 h1:H9wjBOEZSUFCDVIfYyTmiPis5h4QjvZBC9ZqnjMmzWU=
github.com/poolpOrg/OpenSMTPD-framework v0.1.9/go.mod h1:e4lU170JDDT6/9XFv/Qw9+K0UU+L+T5EgXLE4n1Sgpc=
golang.org/x/crypto v0.37.0 h1:kJNSjF/Xp7kU0iB2Z+9viTPMW4EqqsrywMXLJOOsXSE=
golang.org/x/crypto v0.37.0/go.mod h1:vg+k43peMZ0pUMhYmVAWysMK35e6ioLh3wB8ZCAfbVc=
