github.com/emersion/go-msgauth v0.7.0 h1:vj2hMn6KhFtW41kshIBTXvp6KgYSqpA/ZN9Pv4g1INc=
github.com/emersion/go-msgauth v0.7.0/go.mod h1:mmS9I6HkSovrNgq0HNXTeu8l3sRAAuQ9RMvbM4KU7Ck=
github.com/ooweyy/go-msgauth v0.0.0-20260204055113-511f681f4a9b h1:JILGTVZViO5hMEMVHMhrURE0gSLJUjogazc7gxGDJ2U=
github.com/ooweyy/go-msgauth v0.0.0-20260204055113-511f681f4a9b/go.mod h1:SQiFmgHU/P+RsQXL6WHdaghgflT1O/I4iHcFSeUd9M4=
github.com/poolpOrg/OpenSMTPD-framework v0.1.9 h1:H9wjBOEZSUFCDVIfYyTmiPis5h4QjvZBC9ZqnjMmzWU=
github.com/poolpOrg/OpenSMTPD-framework v0.1.9/go.mod h1:e4lU170JDDT6/9XFv/Qw9+K0UU+L+T5EgXLE4n1Sgpc=
golang.org/x/crypto v0.37.0 h1:kJNSjF/Xp7kU0iB2Z+9viTPMW4EqqsrywMXLJOOsXSE=
golang.org/x/crypto v0.37.0/go.mod h1:vg+k43peMZ0pUMhYmVAWysMK35e6ioLh3wB8ZCAfbVc=
